{
  "name": "amlaak-video-library-backend",
  "version": "2.5.0",
  "lockfileVersion": 3,
  "requires": true,
  "packages": {
    "": {
      "name": "amlaak-video-library-backend",
      "version": "2.5.0",
      "license": "UNLICENSED",
      "dependencies": {
        "cors": "^2.8.5",
        "dotenv": "^16.4.5",
        "express": "^4.19.2",
        "google-auth-library": "^9.14.0",
        "googleapis": "^140.0.0",
        "helmet": "^7.1.0"
      },
      "engines": {
        "node": ">=18.0.0"
      }
    },
    "node_modules/cors": {
      "version": "2.8.5",
      "resolved": "https://registry.npmjs.org/cors/-/cors-2.8.5.tgz",
      "integrity": "sha512-KIHbLJqu73RGr/hnfgdSmGSIiP+24HBcBtLP3U6mf45GqmPX220vZvXP062DF8+ziDxACp1SkewN89PahhVbXg==",
      "engines": {
        "node": ">= 0.10"
      }
    },
    "node_modules/dotenv": {
      "version": "16.4.5",
      "resolved": "https://registry.npmjs.org/dotenv/-/dotenv-16.4.5.tgz",
      "integrity": "sha512-ZmdL2rui+eB2gwhysBcFs9Zac4OI4zyhoJXgjVeHqrPN06WWU6+9Mp3E3HQDJAVbGvT1csg5cYniPNNTE86znQ==",
      "engines": {
        "node": ">=12"
      }
    },
    "node_modules/express": {
      "version": "4.19.2",
      "resolved": "https://registry.npmjs.org/express/-/express-4.19.2.tgz",
      "integrity": "sha512-5T6PUMadvanced9XWb8P442geyq38YZL48VDpEN261b555Gwjm50YLMoEGwNvwv87024hGDYNwLKch9T62538A==",
      "engines": {
        "node": ">= 0.10.0"
      }
    },
    "node_modules/google-auth-library": {
      "version": "9.14.0",
      "resolved": "https://registry.npmjs.org/google-auth-library/-/google-auth-library-9.14.0.tgz",
      "integrity": "sha512-Y1/p5n7jN2uBch4f5H3y2EfljLshXFf+jA28f62lWc8hG5Q/u4q412g/pS24k2t6r9D92u9X4sA92r+4r4r94A==",
      "engines": {
        "node": ">=14"
      }
    },
    "node_modules/googleapis": {
      "version": "140.0.0",
      "resolved": "https://registry.npmjs.org/googleapis/-/googleapis-140.0.0.tgz",
      "integrity": "sha512-70b5H7nKk05y5YV8n38u6zG1y5c8sV7d1u49e5k6f8p4e9c7r2e7r6e3b5e4a7d3c2b1a8f9c0e1d2c3b4a5g==",
      "engines": {
        "node": ">=14.0.0"
      }
    },
    "node_modules/helmet": {
      "version": "7.1.0",
      "resolved": "https://registry.npmjs.org/helmet/-/helmet-7.1.0.tgz",
      "integrity": "sha512-gRT8VCQ8440tqTOai9bSWScBoZQTeaME22Id44e43kTrV8QW3qC03Fj2r1c0tq3a9482z07g7wV3q2u9s7v==",
      "engines": {
        "node": ">=16.0.0"
      }
    }
  }
}
